
Microsoft Visual Studio Solution File, Format Version 12.00
# Visual Studio Version 17
VisualStudioVersion = 17.0.31903.59
MinimumVisualStudioVersion = 10.0.40219.1
Project("{2150E333-8FDC-42A3-9474-1A3956D46DE8}") = "src", "src", "{BA1AA661-54DE-4CC3-ADF8-646682AB93A2}"
EndProject
Project("{FAE04EC0-301F-11D3-BF4B-00C04F79EFBC}") = "Aphrodite.Api", "src\Aphrodite.Api\Aphrodite.Api.csproj", "{602301CF-EE5C-48B9-A28A-EC33C57676C8}"
EndProject
Project("{FAE04EC0-301F-11D3-BF4B-00C04F79EFBC}") = "Aphrodite.Infra", "src\Aphrodite.Infra\Aphrodite.Infra.csproj", "{A23B08E2-9663-4FE0-A351-6DD6A5C973F6}"
EndProject
Project("{FAE04EC0-301F-11D3-BF4B-00C04F79EFBC}") = "Aphrodite.Tests", "src\Aphrodite.Tests\Aphrodite.Tests.csproj", "{3E993A47-5072-4C51-8717-AC2EC4EBE2E1}"
EndProject
Project("{FAE04EC0-301F-11D3-BF4B-00C04F79EFBC}") = "Aphrodite.Domain", "src\Aphrodite.Domain\Aphrodite.Domain.csproj", "{48B867C8-BF3F-47FF-B251-7B16B0BE6469}"
EndProject
Global
	GlobalSection(SolutionConfigurationPlatforms) = preSolution
		Debug|Any CPU = Debug|Any CPU
		Release|Any CPU = Release|Any CPU
	EndGlobalSection
	GlobalSection(SolutionProperties) = preSolution
		HideSolutionNode = FALSE
	EndGlobalSection
	GlobalSection(ProjectConfigurationPlatforms) = postSolution
		{602301CF-EE5C-48B9-A28A-EC33C57676C8}.Debug|Any CPU.ActiveCfg = Debug|Any CPU
		{602301CF-EE5C-48B9-A28A-EC33C57676C8}.Debug|Any CPU.Build.0 = Debug|Any CPU
		{602301CF-EE5C-48B9-A28A-EC33C57676C8}.Release|Any CPU.ActiveCfg = Release|Any CPU
		{602301CF-EE5C-48B9-A28A-EC33C57676C8}.Release|Any CPU.Build.0 = Release|Any CPU
		{A23B08E2-9663-4FE0-A351-6DD6A5C973F6}.Debug|Any CPU.ActiveCfg = Debug|Any CPU
		{A23B08E2-9663-4FE0-A351-6DD6A5C973F6}.Debug|Any CPU.Build.0 = Debug|Any CPU
		{A23B08E2-9663-4FE0-A351-6DD6A5C973F6}.Release|Any CPU.ActiveCfg = Release|Any CPU
		{A23B08E2-9663-4FE0-A351-6DD6A5C973F6}.Release|Any CPU.Build.0 = Release|Any CPU
		{3E993A47-5072-4C51-8717-AC2EC4EBE2E1}.Debug|Any CPU.ActiveCfg = Debug|Any CPU
		{3E993A47-5072-4C51-8717-AC2EC4EBE2E1}.Debug|Any CPU.Build.0 = Debug|Any CPU
		{3E993A47-5072-4C51-8717-AC2EC4EBE2E1}.Release|Any CPU.ActiveCfg = Release|Any CPU
		{3E993A47-5072-4C51-8717-AC2EC4EBE2E1}.Release|Any CPU.Build.0 = Release|Any CPU
		{48B867C8-BF3F-47FF-B251-7B16B0BE6469}.Debug|Any CPU.ActiveCfg = Debug|Any CPU
		{48B867C8-BF3F-47FF-B251-7B16B0BE6469}.Debug|Any CPU.Build.0 = Debug|Any CPU
		{48B867C8-BF3F-47FF-B251-7B16B0BE6469}.Release|Any CPU.ActiveCfg = Release|Any CPU
		{48B867C8-BF3F-47FF-B251-7B16B0BE6469}.Release|Any CPU.Build.0 = Release|Any CPU
	EndGlobalSection
	GlobalSection(NestedProjects) = preSolution
		{602301CF-EE5C-48B9-A28A-EC33C57676C8} = {BA1AA661-54DE-4CC3-ADF8-646682AB93A2}
		{A23B08E2-9663-4FE0-A351-6DD6A5C973F6} = {BA1AA661-54DE-4CC3-ADF8-646682AB93A2}
		{3E993A47-5072-4C51-8717-AC2EC4EBE2E1} = {BA1AA661-54DE-4CC3-ADF8-646682AB93A2}
		{48B867C8-BF3F-47FF-B251-7B16B0BE6469} = {BA1AA661-54DE-4CC3-ADF8-646682AB93A2}
	EndGlobalSection
EndGlobal
